
Microsoft Visual Studio Solution File, Format Version 12.00
# Visual Studio Version 17
VisualStudioVersion = 17.13.35806.99 d17.13
MinimumVisualStudioVersion = 10.0.40219.1
Project("{8BC9CEB8-8B4A-11D0-8D11-00A0C91BC942}") = "FountEngine_1", "FountEngine_1\FountEngine_1.vcxproj", "{873F45B9-DFB4-4BE6-92F7-095B9C4B0561}"
EndProject
Global
	GlobalSection(SolutionConfigurationPlatforms) = preSolution
		Debug|x64 = Debug|x64
		Debug|x86 = Debug|x86
		Release|x64 = Release|x64
		Release|x86 = Release|x86
	EndGlobalSection
	GlobalSection(ProjectConfigurationPlatforms) = postSolution
		{873F45B9-DFB4-4BE6-92F7-095B9C4B0561}.Debug|x64.ActiveCfg = Debug|x64
		{873F45B9-DFB4-4BE6-92F7-095B9C4B0561}.Debug|x64.Build.0 = Debug|x64
		{873F45B9-DFB4-4BE6-92F7-095B9C4B0561}.Debug|x86.ActiveCfg = Debug|Win32
		{873F45B9-DFB4-4BE6-92F7-095B9C4B0561}.Debug|x86.Build.0 = Debug|Win32
		{873F45B9-DFB4-4BE6-92F7-095B9C4B0561}.Release|x64.ActiveCfg = Release|x64
		{873F45B9-DFB4-4BE6-92F7-095B9C4B0561}.Release|x64.Build.0 = Release|x64
		{873F45B9-DFB4-4BE6-92F7-095B9C4B0561}.Release|x86.ActiveCfg = Release|Win32
		{873F45B9-DFB4-4BE6-92F7-095B9C4B0561}.Release|x86.Build.0 = Release|Win32
	EndGlobalSection
	GlobalSection(SolutionProperties) = preSolution
		HideSolutionNode = FALSE
	EndGlobalSection
	GlobalSection(ExtensibilityGlobals) = postSolution
		SolutionGuid = {72634D08-9FFC-4C36-B65C-362C0BE38D4D}
	EndGlobalSection
EndGlobal
